
Microsoft Visual Studio Solution File, Format Version 12.00
# Visual Studio Version 17
VisualStudioVersion = 17.0.31903.59
MinimumVisualStudioVersion = 10.0.40219.1
Project("{FAE04EC0-301F-11D3-BF4B-00C04F79EFBC}") = "JsonExample", "JsonExample\JsonExample.csproj", "{D939A2E7-8B46-4802-87A4-6E999C276441}"
EndProject
Project("{FAE04EC0-301F-11D3-BF4B-00C04F79EFBC}") = "MyFirstApi", "MyFirstApi\MyFirstApi.csproj", "{204C73C9-F0A7-4943-BFA4-590E72AD8371}"
EndProject
Project("{FAE04EC0-301F-11D3-BF4B-00C04F79EFBC}") = "MyWebApp", "MyWebApp\MyWebApp.csproj", "{64A2B374-B8A5-4BAE-A540-FEC26258C4FB}"
EndProject
Project("{FAE04EC0-301F-11D3-BF4B-00C04F79EFBC}") = "SimpleCrudApp", "SimpleCrudApp\SimpleCrudApp.csproj", "{FC9D7979-7CA5-4276-820A-DD959A57ED0C}"
EndProject
Project("{FAE04EC0-301F-11D3-BF4B-00C04F79EFBC}") = "DependencyInjectionProject", "DependencyInjectionProject\DependencyInjectionProject.csproj", "{75B092A4-2A50-4A8E-9374-172807CC0859}"
EndProject
Project("{FAE04EC0-301F-11D3-BF4B-00C04F79EFBC}") = "LoggingProjectLab", "LoggingProjectLab\LoggingProjectLab.csproj", "{5445294A-0C7B-420B-87A8-05CCD63F6EAB}"
EndProject
Project("{FAE04EC0-301F-11D3-BF4B-00C04F79EFBC}") = "SerializationDemo", "SerializationDemo\SerializationDemo.csproj", "{48CA006A-8531-47E3-BC8D-CCEC4033BC87}"
EndProject
Project("{FAE04EC0-301F-11D3-BF4B-00C04F79EFBC}") = "DeserializationDemo", "DeserializationDemo\DeserializationDemo.csproj", "{9428DB05-78B7-44B7-9493-35673E376DA5}"
EndProject
Project("{FAE04EC0-301F-11D3-BF4B-00C04F79EFBC}") = "DeserializationLab01", "DeserializationLab01\DeserializationLab01.csproj", "{BE86A3AF-A880-401C-BD91-35BCD617EAAB}"
EndProject
Project("{FAE04EC0-301F-11D3-BF4B-00C04F79EFBC}") = "SerializationSecurityDemo", "SerializationSecurityDemo\SerializationSecurityDemo.csproj", "{45544A43-8A6F-4B92-A3E9-85037BE5C7DF}"
EndProject
Project("{FAE04EC0-301F-11D3-BF4B-00C04F79EFBC}") = "MiddlewareComponentsDemo", "MiddlewareComponentsDemo\MiddlewareComponentsDemo.csproj", "{581AD817-04F4-4C1D-ABE2-63AF8DF91968}"
EndProject
Project("{FAE04EC0-301F-11D3-BF4B-00C04F79EFBC}") = "SwaggerDemo", "SwaggerDemo\SwaggerDemo.csproj", "{E04896EE-F839-4B95-9088-36369DB8B824}"
EndProject
Project("{FAE04EC0-301F-11D3-BF4B-00C04F79EFBC}") = "SwaggerClientGeneratorDemo", "SwaggerClientGeneratorDemo\SwaggerClientGeneratorDemo.csproj", "{7C6E7B20-E481-4C3E-8E99-C1CA622F7B66}"
EndProject
Project("{FAE04EC0-301F-11D3-BF4B-00C04F79EFBC}") = "SwaggerApiClientLab", "SwaggerApiClientLab\SwaggerApiClientLab.csproj", "{795A845F-A87B-4988-90A4-C97E18BAA723}"
EndProject
Project("{FAE04EC0-301F-11D3-BF4B-00C04F79EFBC}") = "SecureMiddlewareDemo", "SecureMiddlewareDemo\SecureMiddlewareDemo.csproj", "{B3F58E4B-5E61-41BC-A82E-423E52E4CFD0}"
EndProject
Project("{FAE04EC0-301F-11D3-BF4B-00C04F79EFBC}") = "MiddlewareSecurityDemo", "MiddlewareSecurityDemo\MiddlewareSecurityDemo.csproj", "{F9C1112E-18D5-4748-9E1A-E765A2F98269}"
EndProject
Project("{FAE04EC0-301F-11D3-BF4B-00C04F79EFBC}") = "UserManagementAPI", "UserManagementAPI\UserManagementAPI.csproj", "{5508B620-BCEF-4517-8687-7B6A9DB76EC0}"
EndProject
Global
	GlobalSection(SolutionConfigurationPlatforms) = preSolution
		Debug|Any CPU = Debug|Any CPU
		Debug|x64 = Debug|x64
		Debug|x86 = Debug|x86
		Release|Any CPU = Release|Any CPU
		Release|x64 = Release|x64
		Release|x86 = Release|x86
	EndGlobalSection
	GlobalSection(ProjectConfigurationPlatforms) = postSolution
		{D939A2E7-8B46-4802-87A4-6E999C276441}.Debug|Any CPU.ActiveCfg = Debug|Any CPU
		{D939A2E7-8B46-4802-87A4-6E999C276441}.Debug|Any CPU.Build.0 = Debug|Any CPU
		{D939A2E7-8B46-4802-87A4-6E999C276441}.Debug|x64.ActiveCfg = Debug|Any CPU
		{D939A2E7-8B46-4802-87A4-6E999C276441}.Debug|x64.Build.0 = Debug|Any CPU
		{D939A2E7-8B46-4802-87A4-6E999C276441}.Debug|x86.ActiveCfg = Debug|Any CPU
		{D939A2E7-8B46-4802-87A4-6E999C276441}.Debug|x86.Build.0 = Debug|Any CPU
		{D939A2E7-8B46-4802-87A4-6E999C276441}.Release|Any CPU.ActiveCfg = Release|Any CPU
		{D939A2E7-8B46-4802-87A4-6E999C276441}.Release|Any CPU.Build.0 = Release|Any CPU
		{D939A2E7-8B46-4802-87A4-6E999C276441}.Release|x64.ActiveCfg = Release|Any CPU
		{D939A2E7-8B46-4802-87A4-6E999C276441}.Release|x64.Build.0 = Release|Any CPU
		{D939A2E7-8B46-4802-87A4-6E999C276441}.Release|x86.ActiveCfg = Release|Any CPU
		{D939A2E7-8B46-4802-87A4-6E999C276441}.Release|x86.Build.0 = Release|Any CPU
		{204C73C9-F0A7-4943-BFA4-590E72AD8371}.Debug|Any CPU.ActiveCfg = Debug|Any CPU
		{204C73C9-F0A7-4943-BFA4-590E72AD8371}.Debug|Any CPU.Build.0 = Debug|Any CPU
		{204C73C9-F0A7-4943-BFA4-590E72AD8371}.Debug|x64.ActiveCfg = Debug|Any CPU
		{204C73C9-F0A7-4943-BFA4-590E72AD8371}.Debug|x64.Build.0 = Debug|Any CPU
		{204C73C9-F0A7-4943-BFA4-590E72AD8371}.Debug|x86.ActiveCfg = Debug|Any CPU
		{204C73C9-F0A7-4943-BFA4-590E72AD8371}.Debug|x86.Build.0 = Debug|Any CPU
		{204C73C9-F0A7-4943-BFA4-590E72AD8371}.Release|Any CPU.ActiveCfg = Release|Any CPU
		{204C73C9-F0A7-4943-BFA4-590E72AD8371}.Release|Any CPU.Build.0 = Release|Any CPU
		{204C73C9-F0A7-4943-BFA4-590E72AD8371}.Release|x64.ActiveCfg = Release|Any CPU
		{204C73C9-F0A7-4943-BFA4-590E72AD8371}.Release|x64.Build.0 = Release|Any CPU
		{204C73C9-F0A7-4943-BFA4-590E72AD8371}.Release|x86.ActiveCfg = Release|Any CPU
		{204C73C9-F0A7-4943-BFA4-590E72AD8371}.Release|x86.Build.0 = Release|Any CPU
		{64A2B374-B8A5-4BAE-A540-FEC26258C4FB}.Debug|Any CPU.ActiveCfg = Debug|Any CPU
		{64A2B374-B8A5-4BAE-A540-FEC26258C4FB}.Debug|Any CPU.Build.0 = Debug|Any CPU
		{64A2B374-B8A5-4BAE-A540-FEC26258C4FB}.Debug|x64.ActiveCfg = Debug|Any CPU
		{64A2B374-B8A5-4BAE-A540-FEC26258C4FB}.Debug|x64.Build.0 = Debug|Any CPU
		{64A2B374-B8A5-4BAE-A540-FEC26258C4FB}.Debug|x86.ActiveCfg = Debug|Any CPU
		{64A2B374-B8A5-4BAE-A540-FEC26258C4FB}.Debug|x86.Build.0 = Debug|Any CPU
		{64A2B374-B8A5-4BAE-A540-FEC26258C4FB}.Release|Any CPU.ActiveCfg = Release|Any CPU
		{64A2B374-B8A5-4BAE-A540-FEC26258C4FB}.Release|Any CPU.Build.0 = Release|Any CPU
		{64A2B374-B8A5-4BAE-A540-FEC26258C4FB}.Release|x64.ActiveCfg = Release|Any CPU
		{64A2B374-B8A5-4BAE-A540-FEC26258C4FB}.Release|x64.Build.0 = Release|Any CPU
		{64A2B374-B8A5-4BAE-A540-FEC26258C4FB}.Release|x86.ActiveCfg = Release|Any CPU
		{64A2B374-B8A5-4BAE-A540-FEC26258C4FB}.Release|x86.Build.0 = Release|Any CPU
		{FC9D7979-7CA5-4276-820A-DD959A57ED0C}.Debug|Any CPU.ActiveCfg = Debug|Any CPU
		{FC9D7979-7CA5-4276-820A-DD959A57ED0C}.Debug|Any CPU.Build.0 = Debug|Any CPU
		{FC9D7979-7CA5-4276-820A-DD959A57ED0C}.Debug|x64.ActiveCfg = Debug|Any CPU
		{FC9D7979-7CA5-4276-820A-DD959A57ED0C}.Debug|x64.Build.0 = Debug|Any CPU
		{FC9D7979-7CA5-4276-820A-DD959A57ED0C}.Debug|x86.ActiveCfg = Debug|Any CPU
		{FC9D7979-7CA5-4276-820A-DD959A57ED0C}.Debug|x86.Build.0 = Debug|Any CPU
		{FC9D7979-7CA5-4276-820A-DD959A57ED0C}.Release|Any CPU.ActiveCfg = Release|Any CPU
		{FC9D7979-7CA5-4276-820A-DD959A57ED0C}.Release|Any CPU.Build.0 = Release|Any CPU
		{FC9D7979-7CA5-4276-820A-DD959A57ED0C}.Release|x64.ActiveCfg = Release|Any CPU
		{FC9D7979-7CA5-4276-820A-DD959A57ED0C}.Release|x64.Build.0 = Release|Any CPU
		{FC9D7979-7CA5-4276-820A-DD959A57ED0C}.Release|x86.ActiveCfg = Release|Any CPU
		{FC9D7979-7CA5-4276-820A-DD959A57ED0C}.Release|x86.Build.0 = Release|Any CPU
		{75B092A4-2A50-4A8E-9374-172807CC0859}.Debug|Any CPU.ActiveCfg = Debug|Any CPU
		{75B092A4-2A50-4A8E-9374-172807CC0859}.Debug|Any CPU.Build.0 = Debug|Any CPU
		{75B092A4-2A50-4A8E-9374-172807CC0859}.Debug|x64.ActiveCfg = Debug|Any CPU
		{75B092A4-2A50-4A8E-9374-172807CC0859}.Debug|x64.Build.0 = Debug|Any CPU
		{75B092A4-2A50-4A8E-9374-172807CC0859}.Debug|x86.ActiveCfg = Debug|Any CPU
		{75B092A4-2A50-4A8E-9374-172807CC0859}.Debug|x86.Build.0 = Debug|Any CPU
		{75B092A4-2A50-4A8E-9374-172807CC0859}.Release|Any CPU.ActiveCfg = Release|Any CPU
		{75B092A4-2A50-4A8E-9374-172807CC0859}.Release|Any CPU.Build.0 = Release|Any CPU
		{75B092A4-2A50-4A8E-9374-172807CC0859}.Release|x64.ActiveCfg = Release|Any CPU
		{75B092A4-2A50-4A8E-9374-172807CC0859}.Release|x64.Build.0 = Release|Any CPU
		{75B092A4-2A50-4A8E-9374-172807CC0859}.Release|x86.ActiveCfg = Release|Any CPU
		{75B092A4-2A50-4A8E-9374-172807CC0859}.Release|x86.Build.0 = Release|Any CPU
		{5445294A-0C7B-420B-87A8-05CCD63F6EAB}.Debug|Any CPU.ActiveCfg = Debug|Any CPU
		{5445294A-0C7B-420B-87A8-05CCD63F6EAB}.Debug|Any CPU.Build.0 = Debug|Any CPU
		{5445294A-0C7B-420B-87A8-05CCD63F6EAB}.Debug|x64.ActiveCfg = Debug|Any CPU
		{5445294A-0C7B-420B-87A8-05CCD63F6EAB}.Debug|x64.Build.0 = Debug|Any CPU
		{5445294A-0C7B-420B-87A8-05CCD63F6EAB}.Debug|x86.ActiveCfg = Debug|Any CPU
		{5445294A-0C7B-420B-87A8-05CCD63F6EAB}.Debug|x86.Build.0 = Debug|Any CPU
		{5445294A-0C7B-420B-87A8-05CCD63F6EAB}.Release|Any CPU.ActiveCfg = Release|Any CPU
		{5445294A-0C7B-420B-87A8-05CCD63F6EAB}.Release|Any CPU.Build.0 = Release|Any CPU
		{5445294A-0C7B-420B-87A8-05CCD63F6EAB}.Release|x64.ActiveCfg = Release|Any CPU
		{5445294A-0C7B-420B-87A8-05CCD63F6EAB}.Release|x64.Build.0 = Release|Any CPU
		{5445294A-0C7B-420B-87A8-05CCD63F6EAB}.Release|x86.ActiveCfg = Release|Any CPU
		{5445294A-0C7B-420B-87A8-05CCD63F6EAB}.Release|x86.Build.0 = Release|Any CPU
		{48CA006A-8531-47E3-BC8D-CCEC4033BC87}.Debug|Any CPU.ActiveCfg = Debug|Any CPU
		{48CA006A-8531-47E3-BC8D-CCEC4033BC87}.Debug|Any CPU.Build.0 = Debug|Any CPU
		{48CA006A-8531-47E3-BC8D-CCEC4033BC87}.Debug|x64.ActiveCfg = Debug|Any CPU
		{48CA006A-8531-47E3-BC8D-CCEC4033BC87}.Debug|x64.Build.0 = Debug|Any CPU
		{48CA006A-8531-47E3-BC8D-CCEC4033BC87}.Debug|x86.ActiveCfg = Debug|Any CPU
		{48CA006A-8531-47E3-BC8D-CCEC4033BC87}.Debug|x86.Build.0 = Debug|Any CPU
		{48CA006A-8531-47E3-BC8D-CCEC4033BC87}.Release|Any CPU.ActiveCfg = Release|Any CPU
		{48CA006A-8531-47E3-BC8D-CCEC4033BC87}.Release|Any CPU.Build.0 = Release|Any CPU
		{48CA006A-8531-47E3-BC8D-CCEC4033BC87}.Release|x64.ActiveCfg = Release|Any CPU
		{48CA006A-8531-47E3-BC8D-CCEC4033BC87}.Release|x64.Build.0 = Release|Any CPU
		{48CA006A-8531-47E3-BC8D-CCEC4033BC87}.Release|x86.ActiveCfg = Release|Any CPU
		{48CA006A-8531-47E3-BC8D-CCEC4033BC87}.Release|x86.Build.0 = Release|Any CPU
		{9428DB05-78B7-44B7-9493-35673E376DA5}.Debug|Any CPU.ActiveCfg = Debug|Any CPU
		{9428DB05-78B7-44B7-9493-35673E376DA5}.Debug|Any CPU.Build.0 = Debug|Any CPU
		{9428DB05-78B7-44B7-9493-35673E376DA5}.Debug|x64.ActiveCfg = Debug|Any CPU
		{9428DB05-78B7-44B7-9493-35673E376DA5}.Debug|x64.Build.0 = Debug|Any CPU
		{9428DB05-78B7-44B7-9493-35673E376DA5}.Debug|x86.ActiveCfg = Debug|Any CPU
		{9428DB05-78B7-44B7-9493-35673E376DA5}.Debug|x86.Build.0 = Debug|Any CPU
		{9428DB05-78B7-44B7-9493-35673E376DA5}.Release|Any CPU.ActiveCfg = Release|Any CPU
		{9428DB05-78B7-44B7-9493-35673E376DA5}.Release|Any CPU.Build.0 = Release|Any CPU
		{9428DB05-78B7-44B7-9493-35673E376DA5}.Release|x64.ActiveCfg = Release|Any CPU
		{9428DB05-78B7-44B7-9493-35673E376DA5}.Release|x64.Build.0 = Release|Any CPU
		{9428DB05-78B7-44B7-9493-35673E376DA5}.Release|x86.ActiveCfg = Release|Any CPU
		{9428DB05-78B7-44B7-9493-35673E376DA5}.Release|x86.Build.0 = Release|Any CPU
		{BE86A3AF-A880-401C-BD91-35BCD617EAAB}.Debug|Any CPU.ActiveCfg = Debug|Any CPU
		{BE86A3AF-A880-401C-BD91-35BCD617EAAB}.Debug|Any CPU.Build.0 = Debug|Any CPU
		{BE86A3AF-A880-401C-BD91-35BCD617EAAB}.Debug|x64.ActiveCfg = Debug|Any CPU
		{BE86A3AF-A880-401C-BD91-35BCD617EAAB}.Debug|x64.Build.0 = Debug|Any CPU
		{BE86A3AF-A880-401C-BD91-35BCD617EAAB}.Debug|x86.ActiveCfg = Debug|Any CPU
		{BE86A3AF-A880-401C-BD91-35BCD617EAAB}.Debug|x86.Build.0 = Debug|Any CPU
		{BE86A3AF-A880-401C-BD91-35BCD617EAAB}.Release|Any CPU.ActiveCfg = Release|Any CPU
		{BE86A3AF-A880-401C-BD91-35BCD617EAAB}.Release|Any CPU.Build.0 = Release|Any CPU
		{BE86A3AF-A880-401C-BD91-35BCD617EAAB}.Release|x64.ActiveCfg = Release|Any CPU
		{BE86A3AF-A880-401C-BD91-35BCD617EAAB}.Release|x64.Build.0 = Release|Any CPU
		{BE86A3AF-A880-401C-BD91-35BCD617EAAB}.Release|x86.ActiveCfg = Release|Any CPU
		{BE86A3AF-A880-401C-BD91-35BCD617EAAB}.Release|x86.Build.0 = Release|Any CPU
		{45544A43-8A6F-4B92-A3E9-85037BE5C7DF}.Debug|Any CPU.ActiveCfg = Debug|Any CPU
		{45544A43-8A6F-4B92-A3E9-85037BE5C7DF}.Debug|Any CPU.Build.0 = Debug|Any CPU
		{45544A43-8A6F-4B92-A3E9-85037BE5C7DF}.Debug|x64.ActiveCfg = Debug|Any CPU
		{45544A43-8A6F-4B92-A3E9-85037BE5C7DF}.Debug|x64.Build.0 = Debug|Any CPU
		{45544A43-8A6F-4B92-A3E9-85037BE5C7DF}.Debug|x86.ActiveCfg = Debug|Any CPU
		{45544A43-8A6F-4B92-A3E9-85037BE5C7DF}.Debug|x86.Build.0 = Debug|Any CPU
		{45544A43-8A6F-4B92-A3E9-85037BE5C7DF}.Release|Any CPU.ActiveCfg = Release|Any CPU
		{45544A43-8A6F-4B92-A3E9-85037BE5C7DF}.Release|Any CPU.Build.0 = Release|Any CPU
		{45544A43-8A6F-4B92-A3E9-85037BE5C7DF}.Release|x64.ActiveCfg = Release|Any CPU
		{45544A43-8A6F-4B92-A3E9-85037BE5C7DF}.Release|x64.Build.0 = Release|Any CPU
		{45544A43-8A6F-4B92-A3E9-85037BE5C7DF}.Release|x86.ActiveCfg = Release|Any CPU
		{45544A43-8A6F-4B92-A3E9-85037BE5C7DF}.Release|x86.Build.0 = Release|Any CPU
		{581AD817-04F4-4C1D-ABE2-63AF8DF91968}.Debug|Any CPU.ActiveCfg = Debug|Any CPU
		{581AD817-04F4-4C1D-ABE2-63AF8DF91968}.Debug|Any CPU.Build.0 = Debug|Any CPU
		{581AD817-04F4-4C1D-ABE2-63AF8DF91968}.Debug|x64.ActiveCfg = Debug|Any CPU
		{581AD817-04F4-4C1D-ABE2-63AF8DF91968}.Debug|x64.Build.0 = Debug|Any CPU
		{581AD817-04F4-4C1D-ABE2-63AF8DF91968}.Debug|x86.ActiveCfg = Debug|Any CPU
		{581AD817-04F4-4C1D-ABE2-63AF8DF91968}.Debug|x86.Build.0 = Debug|Any CPU
		{581AD817-04F4-4C1D-ABE2-63AF8DF91968}.Release|Any CPU.ActiveCfg = Release|Any CPU
		{581AD817-04F4-4C1D-ABE2-63AF8DF91968}.Release|Any CPU.Build.0 = Release|Any CPU
		{581AD817-04F4-4C1D-ABE2-63AF8DF91968}.Release|x64.ActiveCfg = Release|Any CPU
		{581AD817-04F4-4C1D-ABE2-63AF8DF91968}.Release|x64.Build.0 = Release|Any CPU
		{581AD817-04F4-4C1D-ABE2-63AF8DF91968}.Release|x86.ActiveCfg = Release|Any CPU
		{581AD817-04F4-4C1D-ABE2-63AF8DF91968}.Release|x86.Build.0 = Release|Any CPU
		{E04896EE-F839-4B95-9088-36369DB8B824}.Debug|Any CPU.ActiveCfg = Debug|Any CPU
		{E04896EE-F839-4B95-9088-36369DB8B824}.Debug|Any CPU.Build.0 = Debug|Any CPU
		{E04896EE-F839-4B95-9088-36369DB8B824}.Debug|x64.ActiveCfg = Debug|Any CPU
		{E04896EE-F839-4B95-9088-36369DB8B824}.Debug|x64.Build.0 = Debug|Any CPU
		{E04896EE-F839-4B95-9088-36369DB8B824}.Debug|x86.ActiveCfg = Debug|Any CPU
		{E04896EE-F839-4B95-9088-36369DB8B824}.Debug|x86.Build.0 = Debug|Any CPU
		{E04896EE-F839-4B95-9088-36369DB8B824}.Release|Any CPU.ActiveCfg = Release|Any CPU
		{E04896EE-F839-4B95-9088-36369DB8B824}.Release|Any CPU.Build.0 = Release|Any CPU
		{E04896EE-F839-4B95-9088-36369DB8B824}.Release|x64.ActiveCfg = Release|Any CPU
		{E04896EE-F839-4B95-9088-36369DB8B824}.Release|x64.Build.0 = Release|Any CPU
		{E04896EE-F839-4B95-9088-36369DB8B824}.Release|x86.ActiveCfg = Release|Any CPU
		{E04896EE-F839-4B95-9088-36369DB8B824}.Release|x86.Build.0 = Release|Any CPU
		{7C6E7B20-E481-4C3E-8E99-C1CA622F7B66}.Debug|Any CPU.ActiveCfg = Debug|Any CPU
		{7C6E7B20-E481-4C3E-8E99-C1CA622F7B66}.Debug|Any CPU.Build.0 = Debug|Any CPU
		{7C6E7B20-E481-4C3E-8E99-C1CA622F7B66}.Debug|x64.ActiveCfg = Debug|Any CPU
		{7C6E7B20-E481-4C3E-8E99-C1CA622F7B66}.Debug|x64.Build.0 = Debug|Any CPU
		{7C6E7B20-E481-4C3E-8E99-C1CA622F7B66}.Debug|x86.ActiveCfg = Debug|Any CPU
		{7C6E7B20-E481-4C3E-8E99-C1CA622F7B66}.Debug|x86.Build.0 = Debug|Any CPU
		{7C6E7B20-E481-4C3E-8E99-C1CA622F7B66}.Release|Any CPU.ActiveCfg = Release|Any CPU
		{7C6E7B20-E481-4C3E-8E99-C1CA622F7B66}.Release|Any CPU.Build.0 = Release|Any CPU
		{7C6E7B20-E481-4C3E-8E99-C1CA622F7B66}.Release|x64.ActiveCfg = Release|Any CPU
		{7C6E7B20-E481-4C3E-8E99-C1CA622F7B66}.Release|x64.Build.0 = Release|Any CPU
		{7C6E7B20-E481-4C3E-8E99-C1CA622F7B66}.Release|x86.ActiveCfg = Release|Any CPU
		{7C6E7B20-E481-4C3E-8E99-C1CA622F7B66}.Release|x86.Build.0 = Release|Any CPU
		{795A845F-A87B-4988-90A4-C97E18BAA723}.Debug|Any CPU.ActiveCfg = Debug|Any CPU
		{795A845F-A87B-4988-90A4-C97E18BAA723}.Debug|Any CPU.Build.0 = Debug|Any CPU
		{795A845F-A87B-4988-90A4-C97E18BAA723}.Debug|x64.ActiveCfg = Debug|Any CPU
		{795A845F-A87B-4988-90A4-C97E18BAA723}.Debug|x64.Build.0 = Debug|Any CPU
		{795A845F-A87B-4988-90A4-C97E18BAA723}.Debug|x86.ActiveCfg = Debug|Any CPU
		{795A845F-A87B-4988-90A4-C97E18BAA723}.Debug|x86.Build.0 = Debug|Any CPU
		{795A845F-A87B-4988-90A4-C97E18BAA723}.Release|Any CPU.ActiveCfg = Release|Any CPU
		{795A845F-A87B-4988-90A4-C97E18BAA723}.Release|Any CPU.Build.0 = Release|Any CPU
		{795A845F-A87B-4988-90A4-C97E18BAA723}.Release|x64.ActiveCfg = Release|Any CPU
		{795A845F-A87B-4988-90A4-C97E18BAA723}.Release|x64.Build.0 = Release|Any CPU
		{795A845F-A87B-4988-90A4-C97E18BAA723}.Release|x86.ActiveCfg = Release|Any CPU
		{795A845F-A87B-4988-90A4-C97E18BAA723}.Release|x86.Build.0 = Release|Any CPU
		{B3F58E4B-5E61-41BC-A82E-423E52E4CFD0}.Debug|Any CPU.ActiveCfg = Debug|Any CPU
		{B3F58E4B-5E61-41BC-A82E-423E52E4CFD0}.Debug|Any CPU.Build.0 = Debug|Any CPU
		{B3F58E4B-5E61-41BC-A82E-423E52E4CFD0}.Debug|x64.ActiveCfg = Debug|Any CPU
		{B3F58E4B-5E61-41BC-A82E-423E52E4CFD0}.Debug|x64.Build.0 = Debug|Any CPU
		{B3F58E4B-5E61-41BC-A82E-423E52E4CFD0}.Debug|x86.ActiveCfg = Debug|Any CPU
		{B3F58E4B-5E61-41BC-A82E-423E52E4CFD0}.Debug|x86.Build.0 = Debug|Any CPU
		{B3F58E4B-5E61-41BC-A82E-423E52E4CFD0}.Release|Any CPU.ActiveCfg = Release|Any CPU
		{B3F58E4B-5E61-41BC-A82E-423E52E4CFD0}.Release|Any CPU.Build.0 = Release|Any CPU
		{B3F58E4B-5E61-41BC-A82E-423E52E4CFD0}.Release|x64.ActiveCfg = Release|Any CPU
		{B3F58E4B-5E61-41BC-A82E-423E52E4CFD0}.Release|x64.Build.0 = Release|Any CPU
		{B3F58E4B-5E61-41BC-A82E-423E52E4CFD0}.Release|x86.ActiveCfg = Release|Any CPU
		{B3F58E4B-5E61-41BC-A82E-423E52E4CFD0}.Release|x86.Build.0 = Release|Any CPU
		{F9C1112E-18D5-4748-9E1A-E765A2F98269}.Debug|Any CPU.ActiveCfg = Debug|Any CPU
		{F9C1112E-18D5-4748-9E1A-E765A2F98269}.Debug|Any CPU.Build.0 = Debug|Any CPU
		{F9C1112E-18D5-4748-9E1A-E765A2F98269}.Debug|x64.ActiveCfg = Debug|Any CPU
		{F9C1112E-18D5-4748-9E1A-E765A2F98269}.Debug|x64.Build.0 = Debug|Any CPU
		{F9C1112E-18D5-4748-9E1A-E765A2F98269}.Debug|x86.ActiveCfg = Debug|Any CPU
		{F9C1112E-18D5-4748-9E1A-E765A2F98269}.Debug|x86.Build.0 = Debug|Any CPU
		{F9C1112E-18D5-4748-9E1A-E765A2F98269}.Release|Any CPU.ActiveCfg = Release|Any CPU
		{F9C1112E-18D5-4748-9E1A-E765A2F98269}.Release|Any CPU.Build.0 = Release|Any CPU
		{F9C1112E-18D5-4748-9E1A-E765A2F98269}.Release|x64.ActiveCfg = Release|Any CPU
		{F9C1112E-18D5-4748-9E1A-E765A2F98269}.Release|x64.Build.0 = Release|Any CPU
		{F9C1112E-18D5-4748-9E1A-E765A2F98269}.Release|x86.ActiveCfg = Release|Any CPU
		{F9C1112E-18D5-4748-9E1A-E765A2F98269}.Release|x86.Build.0 = Release|Any CPU
		{5508B620-BCEF-4517-8687-7B6A9DB76EC0}.Debug|Any CPU.ActiveCfg = Debug|Any CPU
		{5508B620-BCEF-4517-8687-7B6A9DB76EC0}.Debug|Any CPU.Build.0 = Debug|Any CPU
		{5508B620-BCEF-4517-8687-7B6A9DB76EC0}.Debug|x64.ActiveCfg = Debug|Any CPU
		{5508B620-BCEF-4517-8687-7B6A9DB76EC0}.Debug|x64.Build.0 = Debug|Any CPU
		{5508B620-BCEF-4517-8687-7B6A9DB76EC0}.Debug|x86.ActiveCfg = Debug|Any CPU
		{5508B620-BCEF-4517-8687-7B6A9DB76EC0}.Debug|x86.Build.0 = Debug|Any CPU
		{5508B620-BCEF-4517-8687-7B6A9DB76EC0}.Release|Any CPU.ActiveCfg = Release|Any CPU
		{5508B620-BCEF-4517-8687-7B6A9DB76EC0}.Release|Any CPU.Build.0 = Release|Any CPU
		{5508B620-BCEF-4517-8687-7B6A9DB76EC0}.Release|x64.ActiveCfg = Release|Any CPU
		{5508B620-BCEF-4517-8687-7B6A9DB76EC0}.Release|x64.Build.0 = Release|Any CPU
		{5508B620-BCEF-4517-8687-7B6A9DB76EC0}.Release|x86.ActiveCfg = Release|Any CPU
		{5508B620-BCEF-4517-8687-7B6A9DB76EC0}.Release|x86.Build.0 = Release|Any CPU
	EndGlobalSection
	GlobalSection(SolutionProperties) = preSolution
		HideSolutionNode = FALSE
	EndGlobalSection
EndGlobal
